
Microsoft Visual Studio Solution File, Format Version 12.00
# Visual Studio Version 17
VisualStudioVersion = 17.6.33815.320
MinimumVisualStudioVersion = 10.0.40219.1
Project("{FAE04EC0-301F-11D3-BF4B-00C04F79EFBC}") = "Products of Array Discluding Self", "Products of Array Discluding Self\Products of Array Discluding Self.csproj", "{0ADC1116-E565-41FD-8CD9-D453B4E837E7}"
EndProject
Global
	GlobalSection(SolutionConfigurationPlatforms) = preSolution
		Debug|Any CPU = Debug|Any CPU
		Release|Any CPU = Release|Any CPU
	EndGlobalSection
	GlobalSection(ProjectConfigurationPlatforms) = postSolution
		{0ADC1116-E565-41FD-8CD9-D453B4E837E7}.Debug|Any CPU.ActiveCfg = Debug|Any CPU
		{0ADC1116-E565-41FD-8CD9-D453B4E837E7}.Debug|Any CPU.Build.0 = Debug|Any CPU
		{0ADC1116-E565-41FD-8CD9-D453B4E837E7}.Release|Any CPU.ActiveCfg = Release|Any CPU
		{0ADC1116-E565-41FD-8CD9-D453B4E837E7}.Release|Any CPU.Build.0 = Release|Any CPU
	EndGlobalSection
	GlobalSection(SolutionProperties) = preSolution
		HideSolutionNode = FALSE
	EndGlobalSection
	GlobalSection(ExtensibilityGlobals) = postSolution
		SolutionGuid = {821AB400-C7A5-40D7-B53B-82089E8CD1B3}
	EndGlobalSection
EndGlobal
